{
  "name": "www",
  "lockfileVersion": 2,
  "requires": true,
  "packages": {
    "": {
      "dependencies": {
        "web-highlighter": "^0.7.4"
      }
    },
    "node_modules/web-highlighter": {
      "version": "0.7.4",
      "resolved": "https://registry.npmjs.org/web-highlighter/-/web-highlighter-0.7.4.tgz",
      "integrity": "sha512-07mWw6ib+Abcr/fuKEWYPy1Y0MsCOz6yUUVw9xMpyt5UzyXWtSlcwzy2YqnccCP/LjtM9MZHQSo3dbGJII8h6w=="
    }
  },
  "dependencies": {
    "web-highlighter": {
      "version": "0.7.4",
      "resolved": "https://registry.npmjs.org/web-highlighter/-/web-highlighter-0.7.4.tgz",
      "integrity": "sha512-07mWw6ib+Abcr/fuKEWYPy1Y0MsCOz6yUUVw9xMpyt5UzyXWtSlcwzy2YqnccCP/LjtM9MZHQSo3dbGJII8h6w=="
    }
  }
}
